// !$*UTF8*$!
{
	archiveVersion = 1;
	classes = {
	};
	objectVersion = 46;
	objects = {

/* Begin PBXBuildFile section */
		4103486618F5B6BC00EEAB15 /* AFHTTPRequestOperation.m in Sources */ = {isa = PBXBuildFile; fileRef = 4103484218F5B6BC00EEAB15 /* AFHTTPRequestOperation.m */; };
		4103486718F5B6BC00EEAB15 /* AFHTTPRequestOperationManager.m in Sources */ = {isa = PBXBuildFile; fileRef = 4103484418F5B6BC00EEAB15 /* AFHTTPRequestOperationManager.m */; };
		4103486818F5B6BC00EEAB15 /* AFHTTPSessionManager.m in Sources */ = {isa = PBXBuildFile; fileRef = 4103484618F5B6BC00EEAB15 /* AFHTTPSessionManager.m */; };
		4103486918F5B6BC00EEAB15 /* AFNetworkReachabilityManager.m in Sources */ = {isa = PBXBuildFile; fileRef = 4103484918F5B6BC00EEAB15 /* AFNetworkReachabilityManager.m */; };
		4103486A18F5B6BC00EEAB15 /* AFSecurityPolicy.m in Sources */ = {isa = PBXBuildFile; fileRef = 4103484B18F5B6BC00EEAB15 /* AFSecurityPolicy.m */; };
		4103486B18F5B6BC00EEAB15 /* AFURLConnectionOperation.m in Sources */ = {isa = PBXBuildFile; fileRef = 4103484D18F5B6BC00EEAB15 /* AFURLConnectionOperation.m */; };
		4103486C18F5B6BC00EEAB15 /* AFURLRequestSerialization.m in Sources */ = {isa = PBXBuildFile; fileRef = 4103484F18F5B6BC00EEAB15 /* AFURLRequestSerialization.m */; };
		4103486D18F5B6BC00EEAB15 /* AFURLResponseSerialization.m in Sources */ = {isa = PBXBuildFile; fileRef = 4103485118F5B6BC00EEAB15 /* AFURLResponseSerialization.m */; };
		4103486E18F5B6BC00EEAB15 /* AFURLSessionManager.m in Sources */ = {isa = PBXBuildFile; fileRef = 4103485318F5B6BC00EEAB15 /* AFURLSessionManager.m */; };
		4103486F18F5B6BC00EEAB15 /* AFNetworkActivityIndicatorManager.m in Sources */ = {isa = PBXBuildFile; fileRef = 4103485618F5B6BC00EEAB15 /* AFNetworkActivityIndicatorManager.m */; };
		4103487018F5B6BC00EEAB15 /* UIActivityIndicatorView+AFNetworking.m in Sources */ = {isa = PBXBuildFile; fileRef = 4103485818F5B6BC00EEAB15 /* UIActivityIndicatorView+AFNetworking.m */; };
		4103487118F5B6BC00EEAB15 /* UIAlertView+AFNetworking.m in Sources */ = {isa = PBXBuildFile; fileRef = 4103485A18F5B6BC00EEAB15 /* UIAlertView+AFNetworking.m */; };
		4103487218F5B6BC00EEAB15 /* UIButton+AFNetworking.m in Sources */ = {isa = PBXBuildFile; fileRef = 4103485C18F5B6BC00EEAB15 /* UIButton+AFNetworking.m */; };
		4103487318F5B6BC00EEAB15 /* UIImageView+AFNetworking.m in Sources */ = {isa = PBXBuildFile; fileRef = 4103485E18F5B6BC00EEAB15 /* UIImageView+AFNetworking.m */; };
		4103487418F5B6BC00EEAB15 /* UIProgressView+AFNetworking.m in Sources */ = {isa = PBXBuildFile; fileRef = 4103486118F5B6BC00EEAB15 /* UIProgressView+AFNetworking.m */; };
		4103487518F5B6BC00EEAB15 /* UIRefreshControl+AFNetworking.m in Sources */ = {isa = PBXBuildFile; fileRef = 4103486318F5B6BC00EEAB15 /* UIRefreshControl+AFNetworking.m */; };
		4103487618F5B6BC00EEAB15 /* UIWebView+AFNetworking.m in Sources */ = {isa = PBXBuildFile; fileRef = 4103486518F5B6BC00EEAB15 /* UIWebView+AFNetworking.m */; };
		4103487A18F5B77000EEAB15 /* LoanCell.m in Sources */ = {isa = PBXBuildFile; fileRef = 4103487818F5B77000EEAB15 /* LoanCell.m */; };
		4103487B18F5B77000EEAB15 /* LoanCell.xib in Resources */ = {isa = PBXBuildFile; fileRef = 4103487918F5B77000EEAB15 /* LoanCell.xib */; };
		4103487F18F5C57400EEAB15 /* kivaloans_logo2.png in Resources */ = {isa = PBXBuildFile; fileRef = 4103487E18F5C57400EEAB15 /* kivaloans_logo2.png */; };
		4119BE1818DBC04E006DAB65 /* Foundation.framework in Frameworks */ = {isa = PBXBuildFile; fileRef = 4119BE1718DBC04E006DAB65 /* Foundation.framework */; };
		4119BE1A18DBC04E006DAB65 /* CoreGraphics.framework in Frameworks */ = {isa = PBXBuildFile; fileRef = 4119BE1918DBC04E006DAB65 /* CoreGraphics.framework */; };
		4119BE1C18DBC04E006DAB65 /* UIKit.framework in Frameworks */ = {isa = PBXBuildFile; fileRef = 4119BE1B18DBC04E006DAB65 /* UIKit.framework */; };
		4119BE2218DBC04E006DAB65 /* InfoPlist.strings in Resources */ = {isa = PBXBuildFile; fileRef = 4119BE2018DBC04E006DAB65 /* InfoPlist.strings */; };
		4119BE2418DBC04E006DAB65 /* main.m in Sources */ = {isa = PBXBuildFile; fileRef = 4119BE2318DBC04E006DAB65 /* main.m */; };
		4119BE2818DBC04E006DAB65 /* AppDelegate.m in Sources */ = {isa = PBXBuildFile; fileRef = 4119BE2718DBC04E006DAB65 /* AppDelegate.m */; };
		4119BE2A18DBC04E006DAB65 /* Images.xcassets in Resources */ = {isa = PBXBuildFile; fileRef = 4119BE2918DBC04E006DAB65 /* Images.xcassets */; };
		4119BE3118DBC04F006DAB65 /* XCTest.framework in Frameworks */ = {isa = PBXBuildFile; fileRef = 4119BE3018DBC04F006DAB65 /* XCTest.framework */; };
		4119BE3218DBC04F006DAB65 /* Foundation.framework in Frameworks */ = {isa = PBXBuildFile; fileRef = 4119BE1718DBC04E006DAB65 /* Foundation.framework */; };
		4119BE3318DBC04F006DAB65 /* UIKit.framework in Frameworks */ = {isa = PBXBuildFile; fileRef = 4119BE1B18DBC04E006DAB65 /* UIKit.framework */; };
		4119BE3B18DBC04F006DAB65 /* InfoPlist.strings in Resources */ = {isa = PBXBuildFile; fileRef = 4119BE3918DBC04F006DAB65 /* InfoPlist.strings */; };
		4119BE3D18DBC04F006DAB65 /* JSONParserRMTests.m in Sources */ = {isa = PBXBuildFile; fileRef = 4119BE3C18DBC04F006DAB65 /* JSONParserRMTests.m */; };
		4119BE4918DBCA00006DAB65 /* NSURLConnectionViewController.m in Sources */ = {isa = PBXBuildFile; fileRef = 4119BE4718DBCA00006DAB65 /* NSURLConnectionViewController.m */; };
		4119BE4A18DBCA00006DAB65 /* NSURLConnectionViewController.xib in Resources */ = {isa = PBXBuildFile; fileRef = 4119BE4818DBCA00006DAB65 /* NSURLConnectionViewController.xib */; };
		4119BE5318DC54FD006DAB65 /* JSONKit.m in Sources */ = {isa = PBXBuildFile; fileRef = 4119BE5218DC54FD006DAB65 /* JSONKit.m */; settings = {COMPILER_FLAGS = "-fno-objc-arc"; }; };
		4119BE5518DC557C006DAB65 /* libz.dylib in Frameworks */ = {isa = PBXBuildFile; fileRef = 4119BE5418DC557C006DAB65 /* libz.dylib */; };
		4119BE5718DC55A4006DAB65 /* SystemConfiguration.framework in Frameworks */ = {isa = PBXBuildFile; fileRef = 4119BE5618DC55A4006DAB65 /* SystemConfiguration.framework */; };
		4119BE5A18DC5B69006DAB65 /* Loan.m in Sources */ = {isa = PBXBuildFile; fileRef = 4119BE5918DC5B69006DAB65 /* Loan.m */; };
		414A011C18E1DE6A004A9423 /* LocalViewController.m in Sources */ = {isa = PBXBuildFile; fileRef = 414A011A18E1DE6A004A9423 /* LocalViewController.m */; };
		414A011D18E1DE6A004A9423 /* LocalViewController.xib in Resources */ = {isa = PBXBuildFile; fileRef = 414A011B18E1DE6A004A9423 /* LocalViewController.xib */; };
		414A012118E1EDE0004A9423 /* SportNew.m in Sources */ = {isa = PBXBuildFile; fileRef = 414A012018E1EDE0004A9423 /* SportNew.m */; };
		419BA2F118E3045E00A116B7 /* CustomCell.m in Sources */ = {isa = PBXBuildFile; fileRef = 419BA2EF18E3045E00A116B7 /* CustomCell.m */; };
		419BA2F218E3045E00A116B7 /* CustomCell.xib in Resources */ = {isa = PBXBuildFile; fileRef = 419BA2F018E3045E00A116B7 /* CustomCell.xib */; };
		419BA2F418E3305C00A116B7 /* jsonExample.json in Resources */ = {isa = PBXBuildFile; fileRef = 419BA2F318E3305C00A116B7 /* jsonExample.json */; };
		41BA149718E8DCAA00CE2A64 /* JsonParserSport.m in Sources */ = {isa = PBXBuildFile; fileRef = 41BA149618E8DCAA00CE2A64 /* JsonParserSport.m */; };
		41BA149B18E8E06B00CE2A64 /* WebDetailViewController.m in Sources */ = {isa = PBXBuildFile; fileRef = 41BA149918E8E06B00CE2A64 /* WebDetailViewController.m */; };
		41BA149C18E8E06B00CE2A64 /* WebDetailViewController.xib in Resources */ = {isa = PBXBuildFile; fileRef = 41BA149A18E8E06B00CE2A64 /* WebDetailViewController.xib */; };
		41BA14A118E8EC9700CE2A64 /* DetailViewController.m in Sources */ = {isa = PBXBuildFile; fileRef = 41BA149F18E8EC9700CE2A64 /* DetailViewController.m */; };
		41BA14A218E8EC9700CE2A64 /* DetailViewController.xib in Resources */ = {isa = PBXBuildFile; fileRef = 41BA14A018E8EC9700CE2A64 /* DetailViewController.xib */; };
		41BF6A8818E9E577006AB57F /* navigationbar_bg.png in Resources */ = {isa = PBXBuildFile; fileRef = 41BF6A8718E9E577006AB57F /* navigationbar_bg.png */; };
		41BF6A8C18E9EA6E006AB57F /* MainViewController.m in Sources */ = {isa = PBXBuildFile; fileRef = 41BF6A8A18E9EA6E006AB57F /* MainViewController.m */; };
		41BF6A8D18E9EA6E006AB57F /* MainViewController.xib in Resources */ = {isa = PBXBuildFile; fileRef = 41BF6A8B18E9EA6E006AB57F /* MainViewController.xib */; };
		41BF6A9018E9EDA2006AB57F /* main_background.png in Resources */ = {isa = PBXBuildFile; fileRef = 41BF6A8F18E9EDA2006AB57F /* main_background.png */; };
		41EE594218EA234E001EC666 /* cut_new.png in Resources */ = {isa = PBXBuildFile; fileRef = 41EE594118EA234E001EC666 /* cut_new.png */; };
		41EE594718EA313A001EC666 /* VideoViewController.m in Sources */ = {isa = PBXBuildFile; fileRef = 41EE594518EA313A001EC666 /* VideoViewController.m */; };
		41EE594818EA313A001EC666 /* VideoViewController.xib in Resources */ = {isa = PBXBuildFile; fileRef = 41EE594618EA313A001EC666 /* VideoViewController.xib */; };
		41EE594A18EA363B001EC666 /* MediaPlayer.framework in Frameworks */ = {isa = PBXBuildFile; fileRef = 41EE594918EA363B001EC666 /* MediaPlayer.framework */; };
		41F1808718E188E500B0D54E /* ASIAuthenticationDialog.m in Sources */ = {isa = PBXBuildFile; fileRef = 41F1807018E188E500B0D54E /* ASIAuthenticationDialog.m */; settings = {COMPILER_FLAGS = "-fno-objc-arc"; }; };
		41F1808818E188E500B0D54E /* ASIDataCompressor.m in Sources */ = {isa = PBXBuildFile; fileRef = 41F1807318E188E500B0D54E /* ASIDataCompressor.m */; settings = {COMPILER_FLAGS = "-fno-objc-arc"; }; };
		41F1808918E188E500B0D54E /* ASIDataDecompressor.m in Sources */ = {isa = PBXBuildFile; fileRef = 41F1807518E188E500B0D54E /* ASIDataDecompressor.m */; settings = {COMPILER_FLAGS = "-fno-objc-arc"; }; };
		41F1808A18E188E500B0D54E /* ASIDownloadCache.m in Sources */ = {isa = PBXBuildFile; fileRef = 41F1807718E188E500B0D54E /* ASIDownloadCache.m */; settings = {COMPILER_FLAGS = "-fno-objc-arc"; }; };
		41F1808B18E188E500B0D54E /* ASIFormDataRequest.m in Sources */ = {isa = PBXBuildFile; fileRef = 41F1807918E188E500B0D54E /* ASIFormDataRequest.m */; settings = {COMPILER_FLAGS = "-fno-objc-arc"; }; };
		41F1808C18E188E500B0D54E /* ASIHTTPRequest.m in Sources */ = {isa = PBXBuildFile; fileRef = 41F1807B18E188E500B0D54E /* ASIHTTPRequest.m */; settings = {COMPILER_FLAGS = "-fno-objc-arc"; }; };
		41F1808D18E188E500B0D54E /* ASIInputStream.m in Sources */ = {isa = PBXBuildFile; fileRef = 41F1807F18E188E500B0D54E /* ASIInputStream.m */; settings = {COMPILER_FLAGS = "-fno-objc-arc"; }; };
		41F1808E18E188E500B0D54E /* ASINetworkQueue.m in Sources */ = {isa = PBXBuildFile; fileRef = 41F1808118E188E500B0D54E /* ASINetworkQueue.m */; settings = {COMPILER_FLAGS = "-fno-objc-arc"; }; };
		41F1809018E188E500B0D54E /* Reachability.m in Sources */ = {isa = PBXBuildFile; fileRef = 41F1808618E188E500B0D54E /* Reachability.m */; settings = {COMPILER_FLAGS = "-fno-objc-arc"; }; };
		41F1809418E18CBB00B0D54E /* ASIViewController.m in Sources */ = {isa = PBXBuildFile; fileRef = 41F1809218E18CBB00B0D54E /* ASIViewController.m */; };
		41F1809518E18CBB00B0D54E /* ASIViewController.xib in Resources */ = {isa = PBXBuildFile; fileRef = 41F1809318E18CBB00B0D54E /* ASIViewController.xib */; };
/* End PBXBuildFile section */

/* Begin PBXContainerItemProxy section */
		4119BE3418DBC04F006DAB65 /* PBXContainerItemProxy */ = {
			isa = PBXContainerItemProxy;
			containerPortal = 4119BE0C18DBC04E006DAB65 /* Project object */;
			proxyType = 1;
			remoteGlobalIDString = 4119BE1318DBC04E006DAB65;
			remoteInfo = JSONParserRM;
		};
/* End PBXContainerItemProxy section */

/* Begin PBXFileReference section */
		4103484118F5B6BC00EEAB15 /* AFHTTPRequestOperation.h */ = {isa = PBXFileReference; fileEncoding = 4; lastKnownFileType = sourcecode.c.h; path = AFHTTPRequestOperation.h; sourceTree = "<group>"; };
		4103484218F5B6BC00EEAB15 /* AFHTTPRequestOperation.m */ = {isa = PBXFileReference; fileEncoding = 4; lastKnownFileType = sourcecode.c.objc; path = AFHTTPRequestOperation.m; sourceTree = "<group>"; };
		4103484318F5B6BC00EEAB15 /* AFHTTPRequestOperationManager.h */ = {isa = PBXFileReference; fileEncoding = 4; lastKnownFileType = sourcecode.c.h; path = AFHTTPRequestOperationManager.h; sourceTree = "<group>"; };
		4103484418F5B6BC00EEAB15 /* AFHTTPRequestOperationManager.m */ = {isa = PBXFileReference; fileEncoding = 4; lastKnownFileType = sourcecode.c.objc; path = AFHTTPRequestOperationManager.m; sourceTree = "<group>"; };
		4103484518F5B6BC00EEAB15 /* AFHTTPSessionManager.h */ = {isa = PBXFileReference; fileEncoding = 4; lastKnownFileType = sourcecode.c.h; path = AFHTTPSessionManager.h; sourceTree = "<group>"; };
		4103484618F5B6BC00EEAB15 /* AFHTTPSessionManager.m */ = {isa = PBXFileReference; fileEncoding = 4; lastKnownFileType = sourcecode.c.objc; path = AFHTTPSessionManager.m; sourceTree = "<group>"; };
		4103484718F5B6BC00EEAB15 /* AFNetworking.h */ = {isa = PBXFileReference; fileEncoding = 4; lastKnownFileType = sourcecode.c.h; path = AFNetworking.h; sourceTree = "<group>"; };
		4103484818F5B6BC00EEAB15 /* AFNetworkReachabilityManager.h */ = {isa = PBXFileReference; fileEncoding = 4; lastKnownFileType = sourcecode.c.h; path = AFNetworkReachabilityManager.h; sourceTree = "<group>"; };
		4103484918F5B6BC00EEAB15 /* AFNetworkReachabilityManager.m */ = {isa = PBXFileReference; fileEncoding = 4; lastKnownFileType = sourcecode.c.objc; path = AFNetworkReachabilityManager.m; sourceTree = "<group>"; };
		4103484A18F5B6BC00EEAB15 /* AFSecurityPolicy.h */ = {isa = PBXFileReference; fileEncoding = 4; lastKnownFileType = sourcecode.c.h; path = AFSecurityPolicy.h; sourceTree = "<group>"; };
		4103484B18F5B6BC00EEAB15 /* AFSecurityPolicy.m */ = {isa = PBXFileReference; fileEncoding = 4; lastKnownFileType = sourcecode.c.objc; path = AFSecurityPolicy.m; sourceTree = "<group>"; };
		4103484C18F5B6BC00EEAB15 /* AFURLConnectionOperation.h */ = {isa = PBXFileReference; fileEncoding = 4; lastKnownFileType = sourcecode.c.h; path = AFURLConnectionOperation.h; sourceTree = "<group>"; };
		4103484D18F5B6BC00EEAB15 /* AFURLConnectionOperation.m */ = {isa = PBXFileReference; fileEncoding = 4; lastKnownFileType = sourcecode.c.objc; path = AFURLConnectionOperation.m; sourceTree = "<group>"; };
		4103484E18F5B6BC00EEAB15 /* AFURLRequestSerialization.h */ = {isa = PBXFileReference; fileEncoding = 4; lastKnownFileType = sourcecode.c.h; path = AFURLRequestSerialization.h; sourceTree = "<group>"; };
		4103484F18F5B6BC00EEAB15 /* AFURLRequestSerialization.m */ = {isa = PBXFileReference; fileEncoding = 4; lastKnownFileType = sourcecode.c.objc; path = AFURLRequestSerialization.m; sourceTree = "<group>"; };
		4103485018F5B6BC00EEAB15 /* AFURLResponseSerialization.h */ = {isa = PBXFileReference; fileEncoding = 4; lastKnownFileType = sourcecode.c.h; path = AFURLResponseSerialization.h; sourceTree = "<group>"; };
		4103485118F5B6BC00EEAB15 /* AFURLResponseSerialization.m */ = {isa = PBXFileReference; fileEncoding = 4; lastKnownFileType = sourcecode.c.objc; path = AFURLResponseSerialization.m; sourceTree = "<group>"; };
		4103485218F5B6BC00EEAB15 /* AFURLSessionManager.h */ = {isa = PBXFileReference; fileEncoding = 4; lastKnownFileType = sourcecode.c.h; path = AFURLSessionManager.h; sourceTree = "<group>"; };
		4103485318F5B6BC00EEAB15 /* AFURLSessionManager.m */ = {isa = PBXFileReference; fileEncoding = 4; lastKnownFileType = sourcecode.c.objc; path = AFURLSessionManager.m; sourceTree = "<group>"; };
		4103485518F5B6BC00EEAB15 /* AFNetworkActivityIndicatorManager.h */ = {isa = PBXFileReference; fileEncoding = 4; lastKnownFileType = sourcecode.c.h; path = AFNetworkActivityIndicatorManager.h; sourceTree = "<group>"; };
		4103485618F5B6BC00EEAB15 /* AFNetworkActivityIndicatorManager.m */ = {isa = PBXFileReference; fileEncoding = 4; lastKnownFileType = sourcecode.c.objc; path = AFNetworkActivityIndicatorManager.m; sourceTree = "<group>"; };
		4103485718F5B6BC00EEAB15 /* UIActivityIndicatorView+AFNetworking.h */ = {isa = PBXFileReference; fileEncoding = 4; lastKnownFileType = sourcecode.c.h; path = "UIActivityIndicatorView+AFNetworking.h"; sourceTree = "<group>"; };
		4103485818F5B6BC00EEAB15 /* UIActivityIndicatorView+AFNetworking.m */ = {isa = PBXFileReference; fileEncoding = 4; lastKnownFileType = sourcecode.c.objc; path = "UIActivityIndicatorView+AFNetworking.m"; sourceTree = "<group>"; };
		4103485918F5B6BC00EEAB15 /* UIAlertView+AFNetworking.h */ = {isa = PBXFileReference; fileEncoding = 4; lastKnownFileType = sourcecode.c.h; path = "UIAlertView+AFNetworking.h"; sourceTree = "<group>"; };
		4103485A18F5B6BC00EEAB15 /* UIAlertView+AFNetworking.m */ = {isa = PBXFileReference; fileEncoding = 4; lastKnownFileType = sourcecode.c.objc; path = "UIAlertView+AFNetworking.m"; sourceTree = "<group>"; };
		4103485B18F5B6BC00EEAB15 /* UIButton+AFNetworking.h */ = {isa = PBXFileReference; fileEncoding = 4; lastKnownFileType = sourcecode.c.h; path = "UIButton+AFNetworking.h"; sourceTree = "<group>"; };
		4103485C18F5B6BC00EEAB15 /* UIButton+AFNetworking.m */ = {isa = PBXFileReference; fileEncoding = 4; lastKnownFileType = sourcecode.c.objc; path = "UIButton+AFNetworking.m"; sourceTree = "<group>"; };
		4103485D18F5B6BC00EEAB15 /* UIImageView+AFNetworking.h */ = {isa = PBXFileReference; fileEncoding = 4; lastKnownFileType = sourcecode.c.h; path = "UIImageView+AFNetworking.h"; sourceTree = "<group>"; };
		4103485E18F5B6BC00EEAB15 /* UIImageView+AFNetworking.m */ = {isa = PBXFileReference; fileEncoding = 4; lastKnownFileType = sourcecode.c.objc; path = "UIImageView+AFNetworking.m"; sourceTree = "<group>"; };
		4103485F18F5B6BC00EEAB15 /* UIKit+AFNetworking.h */ = {isa = PBXFileReference; fileEncoding = 4; lastKnownFileType = sourcecode.c.h; path = "UIKit+AFNetworking.h"; sourceTree = "<group>"; };
		4103486018F5B6BC00EEAB15 /* UIProgressView+AFNetworking.h */ = {isa = PBXFileReference; fileEncoding = 4; lastKnownFileType = sourcecode.c.h; path = "UIProgressView+AFNetworking.h"; sourceTree = "<group>"; };
		4103486118F5B6BC00EEAB15 /* UIProgressView+AFNetworking.m */ = {isa = PBXFileReference; fileEncoding = 4; lastKnownFileType = sourcecode.c.objc; path = "UIProgressView+AFNetworking.m"; sourceTree = "<group>"; };
		4103486218F5B6BC00EEAB15 /* UIRefreshControl+AFNetworking.h */ = {isa = PBXFileReference; fileEncoding = 4; lastKnownFileType = sourcecode.c.h; path = "UIRefreshControl+AFNetworking.h"; sourceTree = "<group>"; };
		4103486318F5B6BC00EEAB15 /* UIRefreshControl+AFNetworking.m */ = {isa = PBXFileReference; fileEncoding = 4; lastKnownFileType = sourcecode.c.objc; path = "UIRefreshControl+AFNetworking.m"; sourceTree = "<group>"; };
		4103486418F5B6BC00EEAB15 /* UIWebView+AFNetworking.h */ = {isa = PBXFileReference; fileEncoding = 4; lastKnownFileType = sourcecode.c.h; path = "UIWebView+AFNetworking.h"; sourceTree = "<group>"; };
		4103486518F5B6BC00EEAB15 /* UIWebView+AFNetworking.m */ = {isa = PBXFileReference; fileEncoding = 4; lastKnownFileType = sourcecode.c.objc; path = "UIWebView+AFNetworking.m"; sourceTree = "<group>"; };
		4103487718F5B77000EEAB15 /* LoanCell.h */ = {isa = PBXFileReference; fileEncoding = 4; lastKnownFileType = sourcecode.c.h; name = LoanCell.h; path = Classes/ViewControllers/LoanCell.h; sourceTree = "<group>"; };
		4103487818F5B77000EEAB15 /* LoanCell.m */ = {isa = PBXFileReference; fileEncoding = 4; lastKnownFileType = sourcecode.c.objc; name = LoanCell.m; path = Classes/ViewControllers/LoanCell.m; sourceTree = "<group>"; };
		4103487918F5B77000EEAB15 /* LoanCell.xib */ = {isa = PBXFileReference; fileEncoding = 4; lastKnownFileType = file.xib; name = LoanCell.xib; path = Classes/ViewControllers/LoanCell.xib; sourceTree = "<group>"; };
		4103487E18F5C57400EEAB15 /* kivaloans_logo2.png */ = {isa = PBXFileReference; lastKnownFileType = image.png; name = kivaloans_logo2.png; path = Resources/kivaloans_logo2.png; sourceTree = "<group>"; };
		4119BE1418DBC04E006DAB65 /* JSONParserRM.app */ = {isa = PBXFileReference; explicitFileType = wrapper.application; includeInIndex = 0; path = JSONParserRM.app; sourceTree = BUILT_PRODUCTS_DIR; };
		4119BE1718DBC04E006DAB65 /* Foundation.framework */ = {isa = PBXFileReference; lastKnownFileType = wrapper.framework; name = Foundation.framework; path = System/Library/Frameworks/Foundation.framework; sourceTree = SDKROOT; };
		4119BE1918DBC04E006DAB65 /* CoreGraphics.framework */ = {isa = PBXFileReference; lastKnownFileType = wrapper.framework; name = CoreGraphics.framework; path = System/Library/Frameworks/CoreGraphics.framework; sourceTree = SDKROOT; };
		4119BE1B18DBC04E006DAB65 /* UIKit.framework */ = {isa = PBXFileReference; lastKnownFileType = wrapper.framework; name = UIKit.framework; path = System/Library/Frameworks/UIKit.framework; sourceTree = SDKROOT; };
		4119BE1F18DBC04E006DAB65 /* JSONParserRM-Info.plist */ = {isa = PBXFileReference; lastKnownFileType = text.plist.xml; path = "JSONParserRM-Info.plist"; sourceTree = "<group>"; };
		4119BE2118DBC04E006DAB65 /* en */ = {isa = PBXFileReference; lastKnownFileType = text.plist.strings; name = en; path = en.lproj/InfoPlist.strings; sourceTree = "<group>"; };
		4119BE2318DBC04E006DAB65 /* main.m */ = {isa = PBXFileReference; lastKnownFileType = sourcecode.c.objc; path = main.m; sourceTree = "<group>"; };
		4119BE2518DBC04E006DAB65 /* JSONParserRM-Prefix.pch */ = {isa = PBXFileReference; lastKnownFileType = sourcecode.c.h; path = "JSONParserRM-Prefix.pch"; sourceTree = "<group>"; };
		4119BE2618DBC04E006DAB65 /* AppDelegate.h */ = {isa = PBXFileReference; lastKnownFileType = sourcecode.c.h; path = AppDelegate.h; sourceTree = "<group>"; };
		4119BE2718DBC04E006DAB65 /* AppDelegate.m */ = {isa = PBXFileReference; lastKnownFileType = sourcecode.c.objc; path = AppDelegate.m; sourceTree = "<group>"; };
		4119BE2918DBC04E006DAB65 /* Images.xcassets */ = {isa = PBXFileReference; lastKnownFileType = folder.assetcatalog; path = Images.xcassets; sourceTree = "<group>"; };
		4119BE2F18DBC04F006DAB65 /* JSONParserRMTests.xctest */ = {isa = PBXFileReference; explicitFileType = wrapper.cfbundle; includeInIndex = 0; path = JSONParserRMTests.xctest; sourceTree = BUILT_PRODUCTS_DIR; };
		4119BE3018DBC04F006DAB65 /* XCTest.framework */ = {isa = PBXFileReference; lastKnownFileType = wrapper.framework; name = XCTest.framework; path = Library/Frameworks/XCTest.framework; sourceTree = DEVELOPER_DIR; };
		4119BE3818DBC04F006DAB65 /* JSONParserRMTests-Info.plist */ = {isa = PBXFileReference; lastKnownFileType = text.plist.xml; path = "JSONParserRMTests-Info.plist"; sourceTree = "<group>"; };
		4119BE3A18DBC04F006DAB65 /* en */ = {isa = PBXFileReference; lastKnownFileType = text.plist.strings; name = en; path = en.lproj/InfoPlist.strings; sourceTree = "<group>"; };
		4119BE3C18DBC04F006DAB65 /* JSONParserRMTests.m */ = {isa = PBXFileReference; lastKnownFileType = sourcecode.c.objc; path = JSONParserRMTests.m; sourceTree = "<group>"; };
		4119BE4618DBCA00006DAB65 /* NSURLConnectionViewController.h */ = {isa = PBXFileReference; fileEncoding = 4; lastKnownFileType = sourcecode.c.h; name = NSURLConnectionViewController.h; path = Classes/ViewControllers/NSURLConnectionViewController.h; sourceTree = "<group>"; };
		4119BE4718DBCA00006DAB65 /* NSURLConnectionViewController.m */ = {isa = PBXFileReference; fileEncoding = 4; lastKnownFileType = sourcecode.c.objc; name = NSURLConnectionViewController.m; path = Classes/ViewControllers/NSURLConnectionViewController.m; sourceTree = "<group>"; };
		4119BE4818DBCA00006DAB65 /* NSURLConnectionViewController.xib */ = {isa = PBXFileReference; fileEncoding = 4; lastKnownFileType = file.xib; name = NSURLConnectionViewController.xib; path = Classes/ViewControllers/NSURLConnectionViewController.xib; sourceTree = "<group>"; };
		4119BE5118DC54FD006DAB65 /* JSONKit.h */ = {isa = PBXFileReference; fileEncoding = 4; lastKnownFileType = sourcecode.c.h; path = JSONKit.h; sourceTree = "<group>"; };
		4119BE5218DC54FD006DAB65 /* JSONKit.m */ = {isa = PBXFileReference; fileEncoding = 4; lastKnownFileType = sourcecode.c.objc; path = JSONKit.m; sourceTree = "<group>"; };
		4119BE5418DC557C006DAB65 /* libz.dylib */ = {isa = PBXFileReference; lastKnownFileType = "compiled.mach-o.dylib"; name = libz.dylib; path = usr/lib/libz.dylib; sourceTree = SDKROOT; };
		4119BE5618DC55A4006DAB65 /* SystemConfiguration.framework */ = {isa = PBXFileReference; lastKnownFileType = wrapper.framework; name = SystemConfiguration.framework; path = System/Library/Frameworks/SystemConfiguration.framework; sourceTree = SDKROOT; };
		4119BE5818DC5B69006DAB65 /* Loan.h */ = {isa = PBXFileReference; fileEncoding = 4; lastKnownFileType = sourcecode.c.h; name = Loan.h; path = Classes/Objects/Loan.h; sourceTree = "<group>"; };
		4119BE5918DC5B69006DAB65 /* Loan.m */ = {isa = PBXFileReference; fileEncoding = 4; lastKnownFileType = sourcecode.c.objc; name = Loan.m; path = Classes/Objects/Loan.m; sourceTree = "<group>"; };
		414A011918E1DE6A004A9423 /* LocalViewController.h */ = {isa = PBXFileReference; fileEncoding = 4; lastKnownFileType = sourcecode.c.h; name = LocalViewController.h; path = Classes/ViewControllers/LocalViewController.h; sourceTree = "<group>"; };
		414A011A18E1DE6A004A9423 /* LocalViewController.m */ = {isa = PBXFileReference; fileEncoding = 4; lastKnownFileType = sourcecode.c.objc; name = LocalViewController.m; path = Classes/ViewControllers/LocalViewController.m; sourceTree = "<group>"; };
		414A011B18E1DE6A004A9423 /* LocalViewController.xib */ = {isa = PBXFileReference; fileEncoding = 4; lastKnownFileType = file.xib; name = LocalViewController.xib; path = Classes/ViewControllers/LocalViewController.xib; sourceTree = "<group>"; };
		414A011F18E1EDE0004A9423 /* SportNew.h */ = {isa = PBXFileReference; fileEncoding = 4; lastKnownFileType = sourcecode.c.h; name = SportNew.h; path = Classes/Objects/SportNew.h; sourceTree = "<group>"; };
		414A012018E1EDE0004A9423 /* SportNew.m */ = {isa = PBXFileReference; fileEncoding = 4; lastKnownFileType = sourcecode.c.objc; name = SportNew.m; path = Classes/Objects/SportNew.m; sourceTree = "<group>"; };
		419BA2EE18E3045E00A116B7 /* CustomCell.h */ = {isa = PBXFileReference; fileEncoding = 4; lastKnownFileType = sourcecode.c.h; name = CustomCell.h; path = Classes/ViewControllers/CustomCell.h; sourceTree = "<group>"; };
		419BA2EF18E3045E00A116B7 /* CustomCell.m */ = {isa = PBXFileReference; fileEncoding = 4; lastKnownFileType = sourcecode.c.objc; name = CustomCell.m; path = Classes/ViewControllers/CustomCell.m; sourceTree = "<group>"; };
		419BA2F018E3045E00A116B7 /* CustomCell.xib */ = {isa = PBXFileReference; fileEncoding = 4; lastKnownFileType = file.xib; name = CustomCell.xib; path = Classes/ViewControllers/CustomCell.xib; sourceTree = "<group>"; };
		419BA2F318E3305C00A116B7 /* jsonExample.json */ = {isa = PBXFileReference; fileEncoding = 4; lastKnownFileType = text.json; path = jsonExample.json; sourceTree = "<group>"; };
		41BA149518E8DCAA00CE2A64 /* JsonParserSport.h */ = {isa = PBXFileReference; fileEncoding = 4; lastKnownFileType = sourcecode.c.h; name = JsonParserSport.h; path = Classes/Objects/JsonParserSport.h; sourceTree = "<group>"; };
		41BA149618E8DCAA00CE2A64 /* JsonParserSport.m */ = {isa = PBXFileReference; fileEncoding = 4; lastKnownFileType = sourcecode.c.objc; name = JsonParserSport.m; path = Classes/Objects/JsonParserSport.m; sourceTree = "<group>"; };
		41BA149818E8E06B00CE2A64 /* WebDetailViewController.h */ = {isa = PBXFileReference; fileEncoding = 4; lastKnownFileType = sourcecode.c.h; name = WebDetailViewController.h; path = Classes/ViewControllers/WebDetailViewController.h; sourceTree = "<group>"; };
		41BA149918E8E06B00CE2A64 /* WebDetailViewController.m */ = {isa = PBXFileReference; fileEncoding = 4; lastKnownFileType = sourcecode.c.objc; name = WebDetailViewController.m; path = Classes/ViewControllers/WebDetailViewController.m; sourceTree = "<group>"; };
		41BA149A18E8E06B00CE2A64 /* WebDetailViewController.xib */ = {isa = PBXFileReference; fileEncoding = 4; lastKnownFileType = file.xib; name = WebDetailViewController.xib; path = Classes/ViewControllers/WebDetailViewController.xib; sourceTree = "<group>"; };
		41BA149E18E8EC9700CE2A64 /* DetailViewController.h */ = {isa = PBXFileReference; fileEncoding = 4; lastKnownFileType = sourcecode.c.h; name = DetailViewController.h; path = Classes/ViewControllers/DetailViewController.h; sourceTree = "<group>"; };
		41BA149F18E8EC9700CE2A64 /* DetailViewController.m */ = {isa = PBXFileReference; fileEncoding = 4; lastKnownFileType = sourcecode.c.objc; name = DetailViewController.m; path = Classes/ViewControllers/DetailViewController.m; sourceTree = "<group>"; };
		41BA14A018E8EC9700CE2A64 /* DetailViewController.xib */ = {isa = PBXFileReference; fileEncoding = 4; lastKnownFileType = file.xib; name = DetailViewController.xib; path = Classes/ViewControllers/DetailViewController.xib; sourceTree = "<group>"; };
		41BF6A8718E9E577006AB57F /* navigationbar_bg.png */ = {isa = PBXFileReference; lastKnownFileType = image.png; name = navigationbar_bg.png; path = Resources/navigationbar_bg.png; sourceTree = "<group>"; };
		41BF6A8918E9EA6E006AB57F /* MainViewController.h */ = {isa = PBXFileReference; fileEncoding = 4; lastKnownFileType = sourcecode.c.h; name = MainViewController.h; path = Classes/ViewControllers/MainViewController.h; sourceTree = "<group>"; };
		41BF6A8A18E9EA6E006AB57F /* MainViewController.m */ = {isa = PBXFileReference; fileEncoding = 4; lastKnownFileType = sourcecode.c.objc; name = MainViewController.m; path = Classes/ViewControllers/MainViewController.m; sourceTree = "<group>"; };
		41BF6A8B18E9EA6E006AB57F /* MainViewController.xib */ = {isa = PBXFileReference; fileEncoding = 4; lastKnownFileType = file.xib; name = MainViewController.xib; path = Classes/ViewControllers/MainViewController.xib; sourceTree = "<group>"; };
		41BF6A8F18E9EDA2006AB57F /* main_background.png */ = {isa = PBXFileReference; lastKnownFileType = image.png; name = main_background.png; path = Resources/main_background.png; sourceTree = "<group>"; };
		41EE594118EA234E001EC666 /* cut_new.png */ = {isa = PBXFileReference; lastKnownFileType = image.png; name = cut_new.png; path = Resources/cut_new.png; sourceTree = "<group>"; };
		41EE594418EA313A001EC666 /* VideoViewController.h */ = {isa = PBXFileReference; fileEncoding = 4; lastKnownFileType = sourcecode.c.h; name = VideoViewController.h; path = Classes/ViewControllers/VideoViewController.h; sourceTree = "<group>"; };
		41EE594518EA313A001EC666 /* VideoViewController.m */ = {isa = PBXFileReference; fileEncoding = 4; lastKnownFileType = sourcecode.c.objc; name = VideoViewController.m; path = Classes/ViewControllers/VideoViewController.m; sourceTree = "<group>"; };
		41EE594618EA313A001EC666 /* VideoViewController.xib */ = {isa = PBXFileReference; fileEncoding = 4; lastKnownFileType = file.xib; name = VideoViewController.xib; path = Classes/ViewControllers/VideoViewController.xib; sourceTree = "<group>"; };
		41EE594918EA363B001EC666 /* MediaPlayer.framework */ = {isa = PBXFileReference; lastKnownFileType = wrapper.framework; name = MediaPlayer.framework; path = System/Library/Frameworks/MediaPlayer.framework; sourceTree = SDKROOT; };
		41F1806F18E188E500B0D54E /* ASIAuthenticationDialog.h */ = {isa = PBXFileReference; fileEncoding = 4; lastKnownFileType = sourcecode.c.h; path = ASIAuthenticationDialog.h; sourceTree = "<group>"; };
		41F1807018E188E500B0D54E /* ASIAuthenticationDialog.m */ = {isa = PBXFileReference; fileEncoding = 4; lastKnownFileType = sourcecode.c.objc; path = ASIAuthenticationDialog.m; sourceTree = "<group>"; };
		41F1807118E188E500B0D54E /* ASICacheDelegate.h */ = {isa = PBXFileReference; fileEncoding = 4; lastKnownFileType = sourcecode.c.h; path = ASICacheDelegate.h; sourceTree = "<group>"; };
		41F1807218E188E500B0D54E /* ASIDataCompressor.h */ = {isa = PBXFileReference; fileEncoding = 4; lastKnownFileType = sourcecode.c.h; path = ASIDataCompressor.h; sourceTree = "<group>"; };
		41F1807318E188E500B0D54E /* ASIDataCompressor.m */ = {isa = PBXFileReference; fileEncoding = 4; lastKnownFileType = sourcecode.c.objc; path = ASIDataCompressor.m; sourceTree = "<group>"; };
		41F1807418E188E500B0D54E /* ASIDataDecompressor.h */ = {isa = PBXFileReference; fileEncoding = 4; lastKnownFileType = sourcecode.c.h; path = ASIDataDecompressor.h; sourceTree = "<group>"; };
		41F1807518E188E500B0D54E /* ASIDataDecompressor.m */ = {isa = PBXFileReference; fileEncoding = 4; lastKnownFileType = sourcecode.c.objc; path = ASIDataDecompressor.m; sourceTree = "<group>"; };
		41F1807618E188E500B0D54E /* ASIDownloadCache.h */ = {isa = PBXFileReference; fileEncoding = 4; lastKnownFileType = sourcecode.c.h; path = ASIDownloadCache.h; sourceTree = "<group>"; };
		41F1807718E188E500B0D54E /* ASIDownloadCache.m */ = {isa = PBXFileReference; fileEncoding = 4; lastKnownFileType = sourcecode.c.objc; path = ASIDownloadCache.m; sourceTree = "<group>"; };
		41F1807818E188E500B0D54E /* ASIFormDataRequest.h */ = {isa = PBXFileReference; fileEncoding = 4; lastKnownFileType = sourcecode.c.h; path = ASIFormDataRequest.h; sourceTree = "<group>"; };
		41F1807918E188E500B0D54E /* ASIFormDataRequest.m */ = {isa = PBXFileReference; fileEncoding = 4; lastKnownFileType = sourcecode.c.objc; path = ASIFormDataRequest.m; sourceTree = "<group>"; };
		41F1807A18E188E500B0D54E /* ASIHTTPRequest.h */ = {isa = PBXFileReference; fileEncoding = 4; lastKnownFileType = sourcecode.c.h; path = ASIHTTPRequest.h; sourceTree = "<group>"; };
		41F1807B18E188E500B0D54E /* ASIHTTPRequest.m */ = {isa = PBXFileReference; fileEncoding = 4; lastKnownFileType = sourcecode.c.objc; path = ASIHTTPRequest.m; sourceTree = "<group>"; };
		41F1807C18E188E500B0D54E /* ASIHTTPRequestConfig.h */ = {isa = PBXFileReference; fileEncoding = 4; lastKnownFileType = sourcecode.c.h; path = ASIHTTPRequestConfig.h; sourceTree = "<group>"; };
		41F1807D18E188E500B0D54E /* ASIHTTPRequestDelegate.h */ = {isa = PBXFileReference; fileEncoding = 4; lastKnownFileType = sourcecode.c.h; path = ASIHTTPRequestDelegate.h; sourceTree = "<group>"; };
		41F1807E18E188E500B0D54E /* ASIInputStream.h */ = {isa = PBXFileReference; fileEncoding = 4; lastKnownFileType = sourcecode.c.h; path = ASIInputStream.h; sourceTree = "<group>"; };
		41F1807F18E188E500B0D54E /* ASIInputStream.m */ = {isa = PBXFileReference; fileEncoding = 4; lastKnownFileType = sourcecode.c.objc; path = ASIInputStream.m; sourceTree = "<group>"; };
		41F1808018E188E500B0D54E /* ASINetworkQueue.h */ = {isa = PBXFileReference; fileEncoding = 4; lastKnownFileType = sourcecode.c.h; path = ASINetworkQueue.h; sourceTree = "<group>"; };
		41F1808118E188E500B0D54E /* ASINetworkQueue.m */ = {isa = PBXFileReference; fileEncoding = 4; lastKnownFileType = sourcecode.c.objc; path = ASINetworkQueue.m; sourceTree = "<group>"; };
		41F1808218E188E500B0D54E /* ASIProgressDelegate.h */ = {isa = PBXFileReference; fileEncoding = 4; lastKnownFileType = sourcecode.c.h; path = ASIProgressDelegate.h; sourceTree = "<group>"; };
		41F1808518E188E500B0D54E /* Reachability.h */ = {isa = PBXFileReference; fileEncoding = 4; lastKnownFileType = sourcecode.c.h; path = Reachability.h; sourceTree = "<group>"; };
		41F1808618E188E500B0D54E /* Reachability.m */ = {isa = PBXFileReference; fileEncoding = 4; lastKnownFileType = sourcecode.c.objc; path = Reachability.m; sourceTree = "<group>"; };
		41F1809118E18CBB00B0D54E /* ASIViewController.h */ = {isa = PBXFileReference; fileEncoding = 4; lastKnownFileType = sourcecode.c.h; name = ASIViewController.h; path = Classes/ViewControllers/ASIViewController.h; sourceTree = "<group>"; };
		41F1809218E18CBB00B0D54E /* ASIViewController.m */ = {isa = PBXFileReference; fileEncoding = 4; lastKnownFileType = sourcecode.c.objc; name = ASIViewController.m; path = Classes/ViewControllers/ASIViewController.m; sourceTree = "<group>"; };
		41F1809318E18CBB00B0D54E /* ASIViewController.xib */ = {isa = PBXFileReference; fileEncoding = 4; lastKnownFileType = file.xib; name = ASIViewController.xib; path = Classes/ViewControllers/ASIViewController.xib; sourceTree = "<group>"; };
/* End PBXFileReference section */

/* Begin PBXFrameworksBuildPhase section */
		4119BE1118DBC04E006DAB65 /* Frameworks */ = {
			isa = PBXFrameworksBuildPhase;
			buildActionMask = 2147483647;
			files = (
				41EE594A18EA363B001EC666 /* MediaPlayer.framework in Frameworks */,
				4119BE5718DC55A4006DAB65 /* SystemConfiguration.framework in Frameworks */,
				4119BE5518DC557C006DAB65 /* libz.dylib in Frameworks */,
				4119BE1A18DBC04E006DAB65 /* CoreGraphics.framework in Frameworks */,
				4119BE1C18DBC04E006DAB65 /* UIKit.framework in Frameworks */,
				4119BE1818DBC04E006DAB65 /* Foundation.framework in Frameworks */,
			);
			runOnlyForDeploymentPostprocessing = 0;
		};
		4119BE2C18DBC04F006DAB65 /* Frameworks */ = {
			isa = PBXFrameworksBuildPhase;
			buildActionMask = 2147483647;
			files = (
				4119BE3118DBC04F006DAB65 /* XCTest.framework in Frameworks */,
				4119BE3318DBC04F006DAB65 /* UIKit.framework in Frameworks */,
				4119BE3218DBC04F006DAB65 /* Foundation.framework in Frameworks */,
			);
			runOnlyForDeploymentPostprocessing = 0;
		};
/* End PBXFrameworksBuildPhase section */

/* Begin PBXGroup section */
		4103483F18F5B6A200EEAB15 /* AFNetworking */ = {
			isa = PBXGroup;
			children = (
				4103484018F5B6BC00EEAB15 /* AFNetworking */,
				4103485418F5B6BC00EEAB15 /* UIKit+AFNetworking */,
			);
			name = AFNetworking;
			sourceTree = "<group>";
		};
		4103484018F5B6BC00EEAB15 /* AFNetworking */ = {
			isa = PBXGroup;
			children = (
				4103484118F5B6BC00EEAB15 /* AFHTTPRequestOperation.h */,
				4103484218F5B6BC00EEAB15 /* AFHTTPRequestOperation.m */,
				4103484318F5B6BC00EEAB15 /* AFHTTPRequestOperationManager.h */,
				4103484418F5B6BC00EEAB15 /* AFHTTPRequestOperationManager.m */,
				4103484518F5B6BC00EEAB15 /* AFHTTPSessionManager.h */,
				4103484618F5B6BC00EEAB15 /* AFHTTPSessionManager.m */,
				4103484718F5B6BC00EEAB15 /* AFNetworking.h */,
				4103484818F5B6BC00EEAB15 /* AFNetworkReachabilityManager.h */,
				4103484918F5B6BC00EEAB15 /* AFNetworkReachabilityManager.m */,
				4103484A18F5B6BC00EEAB15 /* AFSecurityPolicy.h */,
				4103484B18F5B6BC00EEAB15 /* AFSecurityPolicy.m */,
				4103484C18F5B6BC00EEAB15 /* AFURLConnectionOperation.h */,
				4103484D18F5B6BC00EEAB15 /* AFURLConnectionOperation.m */,
				4103484E18F5B6BC00EEAB15 /* AFURLRequestSerialization.h */,
				4103484F18F5B6BC00EEAB15 /* AFURLRequestSerialization.m */,
				4103485018F5B6BC00EEAB15 /* AFURLResponseSerialization.h */,
				4103485118F5B6BC00EEAB15 /* AFURLResponseSerialization.m */,
				4103485218F5B6BC00EEAB15 /* AFURLSessionManager.h */,
				4103485318F5B6BC00EEAB15 /* AFURLSessionManager.m */,
			);
			name = AFNetworking;
			path = Classes/AFNetworking/AFNetworking;
			sourceTree = "<group>";
		};
		4103485418F5B6BC00EEAB15 /* UIKit+AFNetworking */ = {
			isa = PBXGroup;
			children = (
				4103485518F5B6BC00EEAB15 /* AFNetworkActivityIndicatorManager.h */,
				4103485618F5B6BC00EEAB15 /* AFNetworkActivityIndicatorManager.m */,
				4103485718F5B6BC00EEAB15 /* UIActivityIndicatorView+AFNetworking.h */,
				4103485818F5B6BC00EEAB15 /* UIActivityIndicatorView+AFNetworking.m */,
				4103485918F5B6BC00EEAB15 /* UIAlertView+AFNetworking.h */,
				4103485A18F5B6BC00EEAB15 /* UIAlertView+AFNetworking.m */,
				4103485B18F5B6BC00EEAB15 /* UIButton+AFNetworking.h */,
				4103485C18F5B6BC00EEAB15 /* UIButton+AFNetworking.m */,
				4103485D18F5B6BC00EEAB15 /* UIImageView+AFNetworking.h */,
				4103485E18F5B6BC00EEAB15 /* UIImageView+AFNetworking.m */,
				4103485F18F5B6BC00EEAB15 /* UIKit+AFNetworking.h */,
				4103486018F5B6BC00EEAB15 /* UIProgressView+AFNetworking.h */,
				4103486118F5B6BC00EEAB15 /* UIProgressView+AFNetworking.m */,
				4103486218F5B6BC00EEAB15 /* UIRefreshControl+AFNetworking.h */,
				4103486318F5B6BC00EEAB15 /* UIRefreshControl+AFNetworking.m */,
				4103486418F5B6BC00EEAB15 /* UIWebView+AFNetworking.h */,
				4103486518F5B6BC00EEAB15 /* UIWebView+AFNetworking.m */,
			);
			name = "UIKit+AFNetworking";
			path = "Classes/AFNetworking/UIKit+AFNetworking";
			sourceTree = "<group>";
		};
		4119BE0B18DBC04E006DAB65 = {
			isa = PBXGroup;
			children = (
				4119BE1D18DBC04E006DAB65 /* JSONParserRM */,
				4119BE3618DBC04F006DAB65 /* JSONParserRMTests */,
				4119BE1618DBC04E006DAB65 /* Frameworks */,
				4119BE1518DBC04E006DAB65 /* Products */,
			);
			sourceTree = "<group>";
		};
		4119BE1518DBC04E006DAB65 /* Products */ = {
			isa = PBXGroup;
			children = (
				4119BE1418DBC04E006DAB65 /* JSONParserRM.app */,
				4119BE2F18DBC04F006DAB65 /* JSONParserRMTests.xctest */,
			);
			name = Products;
			sourceTree = "<group>";
		};
		4119BE1618DBC04E006DAB65 /* Frameworks */ = {
			isa = PBXGroup;
			children = (
				41EE594918EA363B001EC666 /* MediaPlayer.framework */,
				4119BE5618DC55A4006DAB65 /* SystemConfiguration.framework */,
				4119BE5418DC557C006DAB65 /* libz.dylib */,
				4119BE1718DBC04E006DAB65 /* Foundation.framework */,
				4119BE1918DBC04E006DAB65 /* CoreGraphics.framework */,
				4119BE1B18DBC04E006DAB65 /* UIKit.framework */,
				4119BE3018DBC04F006DAB65 /* XCTest.framework */,
			);
			name = Frameworks;
			sourceTree = "<group>";
		};
		4119BE1D18DBC04E006DAB65 /* JSONParserRM */ = {
			isa = PBXGroup;
			children = (
				4119BE5B18DC6117006DAB65 /* Objects */,
				413995CA18F55EDF0019411A /* Cells */,
				41BF6A8E18E9EAF8006AB57F /* MainViewController */,
				41F1809618E18CC000B0D54E /* ASIViewController */,
				41BA149D18E8E4F600CE2A64 /* WebDetailViewController */,
				41EE594318EA311B001EC666 /* VideoViewController */,
				414A011E18E1DE78004A9423 /* LocalViewController */,
				4119BE4B18DBCA08006DAB65 /* NSURLConnectionViewController */,
				413995C918F55E9F0019411A /* Vendor */,
				4119BE2618DBC04E006DAB65 /* AppDelegate.h */,
				4119BE2718DBC04E006DAB65 /* AppDelegate.m */,
				4119BE2918DBC04E006DAB65 /* Images.xcassets */,
				41BF6A8618E9E56F006AB57F /* Resources */,
				4119BE1E18DBC04E006DAB65 /* Supporting Files */,
			);
			path = JSONParserRM;
			sourceTree = "<group>";
		};
		4119BE1E18DBC04E006DAB65 /* Supporting Files */ = {
			isa = PBXGroup;
			children = (
				4119BE1F18DBC04E006DAB65 /* JSONParserRM-Info.plist */,
				4119BE2018DBC04E006DAB65 /* InfoPlist.strings */,
				4119BE2318DBC04E006DAB65 /* main.m */,
				4119BE2518DBC04E006DAB65 /* JSONParserRM-Prefix.pch */,
				419BA2F318E3305C00A116B7 /* jsonExample.json */,
			);
			name = "Supporting Files";
			sourceTree = "<group>";
		};
		4119BE3618DBC04F006DAB65 /* JSONParserRMTests */ = {
			isa = PBXGroup;
			children = (
				4119BE3C18DBC04F006DAB65 /* JSONParserRMTests.m */,
				4119BE3718DBC04F006DAB65 /* Supporting Files */,
			);
			path = JSONParserRMTests;
			sourceTree = "<group>";
		};
		4119BE3718DBC04F006DAB65 /* Supporting Files */ = {
			isa = PBXGroup;
			children = (
				4119BE3818DBC04F006DAB65 /* JSONParserRMTests-Info.plist */,
				4119BE3918DBC04F006DAB65 /* InfoPlist.strings */,
			);
			name = "Supporting Files";
			sourceTree = "<group>";
		};
		4119BE4B18DBCA08006DAB65 /* NSURLConnectionViewController */ = {
			isa = PBXGroup;
			children = (
				4119BE4618DBCA00006DAB65 /* NSURLConnectionViewController.h */,
				4119BE4718DBCA00006DAB65 /* NSURLConnectionViewController.m */,
				4119BE4818DBCA00006DAB65 /* NSURLConnectionViewController.xib */,
			);
			name = NSURLConnectionViewController;
			sourceTree = "<group>";
		};
		4119BE5018DC54FD006DAB65 /* JSONKit */ = {
			isa = PBXGroup;
			children = (
				4119BE5118DC54FD006DAB65 /* JSONKit.h */,
				4119BE5218DC54FD006DAB65 /* JSONKit.m */,
			);
			name = JSONKit;
			path = Classes/JSONKit;
			sourceTree = "<group>";
		};
		4119BE5B18DC6117006DAB65 /* Objects */ = {
			isa = PBXGroup;
			children = (
				4119BE5818DC5B69006DAB65 /* Loan.h */,
				4119BE5918DC5B69006DAB65 /* Loan.m */,
				414A011F18E1EDE0004A9423 /* SportNew.h */,
				414A012018E1EDE0004A9423 /* SportNew.m */,
				41BA149518E8DCAA00CE2A64 /* JsonParserSport.h */,
				41BA149618E8DCAA00CE2A64 /* JsonParserSport.m */,
			);
			name = Objects;
			sourceTree = "<group>";
		};
		413995C918F55E9F0019411A /* Vendor */ = {
			isa = PBXGroup;
			children = (
				4103483F18F5B6A200EEAB15 /* AFNetworking */,
				41F1806E18E188E500B0D54E /* ASIHttpRequest */,
				4119BE5018DC54FD006DAB65 /* JSONKit */,
			);
			name = Vendor;
			sourceTree = "<group>";
		};
		413995CA18F55EDF0019411A /* Cells */ = {
			isa = PBXGroup;
			children = (
				419BA2EE18E3045E00A116B7 /* CustomCell.h */,
				419BA2EF18E3045E00A116B7 /* CustomCell.m */,
				419BA2F018E3045E00A116B7 /* CustomCell.xib */,
				4103487718F5B77000EEAB15 /* LoanCell.h */,
				4103487818F5B77000EEAB15 /* LoanCell.m */,
				4103487918F5B77000EEAB15 /* LoanCell.xib */,
			);
			name = Cells;
			sourceTree = "<group>";
		};
		414A011E18E1DE78004A9423 /* LocalViewController */ = {
			isa = PBXGroup;
			children = (
				414A011918E1DE6A004A9423 /* LocalViewController.h */,
				414A011A18E1DE6A004A9423 /* LocalViewController.m */,
				414A011B18E1DE6A004A9423 /* LocalViewController.xib */,
			);
			name = LocalViewController;
			sourceTree = "<group>";
		};
		41BA149D18E8E4F600CE2A64 /* WebDetailViewController */ = {
			isa = PBXGroup;
			children = (
				41BA149818E8E06B00CE2A64 /* WebDetailViewController.h */,
				41BA149918E8E06B00CE2A64 /* WebDetailViewController.m */,
				41BA149A18E8E06B00CE2A64 /* WebDetailViewController.xib */,
			);
			name = WebDetailViewController;
			sourceTree = "<group>";
		};
		41BF6A8618E9E56F006AB57F /* Resources */ = {
			isa = PBXGroup;
			children = (
				4103487E18F5C57400EEAB15 /* kivaloans_logo2.png */,
				41EE594118EA234E001EC666 /* cut_new.png */,
				41BF6A8F18E9EDA2006AB57F /* main_background.png */,
				41BF6A8718E9E577006AB57F /* navigationbar_bg.png */,
			);
			name = Resources;
			sourceTree = "<group>";
		};
		41BF6A8E18E9EAF8006AB57F /* MainViewController */ = {
			isa = PBXGroup;
			children = (
				41BF6A8918E9EA6E006AB57F /* MainViewController.h */,
				41BF6A8A18E9EA6E006AB57F /* MainViewController.m */,
				41BF6A8B18E9EA6E006AB57F /* MainViewController.xib */,
			);
			name = MainViewController;
			sourceTree = "<group>";
		};
		41EE594318EA311B001EC666 /* VideoViewController */ = {
			isa = PBXGroup;
			children = (
				41EE594418EA313A001EC666 /* VideoViewController.h */,
				41EE594518EA313A001EC666 /* VideoViewController.m */,
				41EE594618EA313A001EC666 /* VideoViewController.xib */,
			);
			name = VideoViewController;
			sourceTree = "<group>";
		};
		41F1806E18E188E500B0D54E /* ASIHttpRequest */ = {
			isa = PBXGroup;
			children = (
				41F1806F18E188E500B0D54E /* ASIAuthenticationDialog.h */,
				41F1807018E188E500B0D54E /* ASIAuthenticationDialog.m */,
				41F1807118E188E500B0D54E /* ASICacheDelegate.h */,
				41F1807218E188E500B0D54E /* ASIDataCompressor.h */,
				41F1807318E188E500B0D54E /* ASIDataCompressor.m */,
				41F1807418E188E500B0D54E /* ASIDataDecompressor.h */,
				41F1807518E188E500B0D54E /* ASIDataDecompressor.m */,
				41F1807618E188E500B0D54E /* ASIDownloadCache.h */,
				41F1807718E188E500B0D54E /* ASIDownloadCache.m */,
				41F1807818E188E500B0D54E /* ASIFormDataRequest.h */,
				41F1807918E188E500B0D54E /* ASIFormDataRequest.m */,
				41F1807A18E188E500B0D54E /* ASIHTTPRequest.h */,
				41F1807B18E188E500B0D54E /* ASIHTTPRequest.m */,
				41F1807C18E188E500B0D54E /* ASIHTTPRequestConfig.h */,
				41F1807D18E188E500B0D54E /* ASIHTTPRequestDelegate.h */,
				41F1807E18E188E500B0D54E /* ASIInputStream.h */,
				41F1807F18E188E500B0D54E /* ASIInputStream.m */,
				41F1808018E188E500B0D54E /* ASINetworkQueue.h */,
				41F1808118E188E500B0D54E /* ASINetworkQueue.m */,
				41F1808218E188E500B0D54E /* ASIProgressDelegate.h */,
				41F1808518E188E500B0D54E /* Reachability.h */,
				41F1808618E188E500B0D54E /* Reachability.m */,
			);
			name = ASIHttpRequest;
			path = Classes/ASIHttpRequest;
			sourceTree = "<group>";
		};
		41F1809618E18CC000B0D54E /* ASIViewController */ = {
			isa = PBXGroup;
			children = (
				41F1809118E18CBB00B0D54E /* ASIViewController.h */,
				41F1809218E18CBB00B0D54E /* ASIViewController.m */,
				41F1809318E18CBB00B0D54E /* ASIViewController.xib */,
				41BA149E18E8EC9700CE2A64 /* DetailViewController.h */,
				41BA149F18E8EC9700CE2A64 /* DetailViewController.m */,
				41BA14A018E8EC9700CE2A64 /* DetailViewController.xib */,
			);
			name = ASIViewController;
			sourceTree = "<group>";
		};
/* End PBXGroup section */

/* Begin PBXNativeTarget section */
		4119BE1318DBC04E006DAB65 /* JSONParserRM */ = {
			isa = PBXNativeTarget;
			buildConfigurationList = 4119BE4018DBC04F006DAB65 /* Build configuration list for PBXNativeTarget "JSONParserRM" */;
			buildPhases = (
				4119BE1018DBC04E006DAB65 /* Sources */,
				4119BE1118DBC04E006DAB65 /* Frameworks */,
				4119BE1218DBC04E006DAB65 /* Resources */,
			);
			buildRules = (
			);
			dependencies = (
			);
			name = JSONParserRM;
			productName = JSONParserRM;
			productReference = 4119BE1418DBC04E006DAB65 /* JSONParserRM.app */;
			productType = "com.apple.product-type.application";
		};
		4119BE2E18DBC04F006DAB65 /* JSONParserRMTests */ = {
			isa = PBXNativeTarget;
			buildConfigurationList = 4119BE4318DBC04F006DAB65 /* Build configuration list for PBXNativeTarget "JSONParserRMTests" */;
			buildPhases = (
				4119BE2B18DBC04F006DAB65 /* Sources */,
				4119BE2C18DBC04F006DAB65 /* Frameworks */,
				4119BE2D18DBC04F006DAB65 /* Resources */,
			);
			buildRules = (
			);
			dependencies = (
				4119BE3518DBC04F006DAB65 /* PBXTargetDependency */,
			);
			name = JSONParserRMTests;
			productName = JSONParserRMTests;
			productReference = 4119BE2F18DBC04F006DAB65 /* JSONParserRMTests.xctest */;
			productType = "com.apple.product-type.bundle.unit-test";
		};
/* End PBXNativeTarget section */

/* Begin PBXProject section */
		4119BE0C18DBC04E006DAB65 /* Project object */ = {
			isa = PBXProject;
			attributes = {
				LastUpgradeCheck = 0510;
				ORGANIZATIONNAME = "Roberto Marco";
				TargetAttributes = {
					4119BE2E18DBC04F006DAB65 = {
						TestTargetID = 4119BE1318DBC04E006DAB65;
					};
				};
			};
			buildConfigurationList = 4119BE0F18DBC04E006DAB65 /* Build configuration list for PBXProject "JSONParserRM" */;
			compatibilityVersion = "Xcode 3.2";
			developmentRegion = English;
			hasScannedForEncodings = 0;
			knownRegions = (
				en,
			);
			mainGroup = 4119BE0B18DBC04E006DAB65;
			productRefGroup = 4119BE1518DBC04E006DAB65 /* Products */;
			projectDirPath = "";
			projectRoot = "";
			targets = (
				4119BE1318DBC04E006DAB65 /* JSONParserRM */,
				4119BE2E18DBC04F006DAB65 /* JSONParserRMTests */,
			);
		};
/* End PBXProject section */

/* Begin PBXResourcesBuildPhase section */
		4119BE1218DBC04E006DAB65 /* Resources */ = {
			isa = PBXResourcesBuildPhase;
			buildActionMask = 2147483647;
			files = (
				4119BE2218DBC04E006DAB65 /* InfoPlist.strings in Resources */,
				41BF6A8D18E9EA6E006AB57F /* MainViewController.xib in Resources */,
				4119BE4A18DBCA00006DAB65 /* NSURLConnectionViewController.xib in Resources */,
				414A011D18E1DE6A004A9423 /* LocalViewController.xib in Resources */,
				41F1809518E18CBB00B0D54E /* ASIViewController.xib in Resources */,
				4103487B18F5B77000EEAB15 /* LoanCell.xib in Resources */,
				41BA14A218E8EC9700CE2A64 /* DetailViewController.xib in Resources */,
				419BA2F218E3045E00A116B7 /* CustomCell.xib in Resources */,
				41BF6A8818E9E577006AB57F /* navigationbar_bg.png in Resources */,
				41EE594818EA313A001EC666 /* VideoViewController.xib in Resources */,
				419BA2F418E3305C00A116B7 /* jsonExample.json in Resources */,
				41BA149C18E8E06B00CE2A64 /* WebDetailViewController.xib in Resources */,
				41EE594218EA234E001EC666 /* cut_new.png in Resources */,
				41BF6A9018E9EDA2006AB57F /* main_background.png in Resources */,
				4119BE2A18DBC04E006DAB65 /* Images.xcassets in Resources */,
				4103487F18F5C57400EEAB15 /* kivaloans_logo2.png in Resources */,
			);
			runOnlyForDeploymentPostprocessing = 0;
		};
		4119BE2D18DBC04F006DAB65 /* Resources */ = {
			isa = PBXResourcesBuildPhase;
			buildActionMask = 2147483647;
			files = (
				4119BE3B18DBC04F006DAB65 /* InfoPlist.strings in Resources */,
			);
			runOnlyForDeploymentPostprocessing = 0;
		};
/* End PBXResourcesBuildPhase section */

/* Begin PBXSourcesBuildPhase section */
		4119BE1018DBC04E006DAB65 /* Sources */ = {
			isa = PBXSourcesBuildPhase;
			buildActionMask = 2147483647;
			files = (
				4103487418F5B6BC00EEAB15 /* UIProgressView+AFNetworking.m in Sources */,
				4103486A18F5B6BC00EEAB15 /* AFSecurityPolicy.m in Sources */,
				41F1808818E188E500B0D54E /* ASIDataCompressor.m in Sources */,
				4103487218F5B6BC00EEAB15 /* UIButton+AFNetworking.m in Sources */,
				4119BE5A18DC5B69006DAB65 /* Loan.m in Sources */,
				41BA14A118E8EC9700CE2A64 /* DetailViewController.m in Sources */,
				414A011C18E1DE6A004A9423 /* LocalViewController.m in Sources */,
				4103486B18F5B6BC00EEAB15 /* AFURLConnectionOperation.m in Sources */,
				41F1808B18E188E500B0D54E /* ASIFormDataRequest.m in Sources */,
				41F1808A18E188E500B0D54E /* ASIDownloadCache.m in Sources */,
				4119BE2818DBC04E006DAB65 /* AppDelegate.m in Sources */,
				4103487118F5B6BC00EEAB15 /* UIAlertView+AFNetworking.m in Sources */,
				4103487618F5B6BC00EEAB15 /* UIWebView+AFNetworking.m in Sources */,
				4103486E18F5B6BC00EEAB15 /* AFURLSessionManager.m in Sources */,
				4103487318F5B6BC00EEAB15 /* UIImageView+AFNetworking.m in Sources */,
				414A012118E1EDE0004A9423 /* SportNew.m in Sources */,
				41F1808718E188E500B0D54E /* ASIAuthenticationDialog.m in Sources */,
				4103487018F5B6BC00EEAB15 /* UIActivityIndicatorView+AFNetworking.m in Sources */,
				41F1808E18E188E500B0D54E /* ASINetworkQueue.m in Sources */,
				419BA2F118E3045E00A116B7 /* CustomCell.m in Sources */,
				4119BE2418DBC04E006DAB65 /* main.m in Sources */,
				4103487518F5B6BC00EEAB15 /* UIRefreshControl+AFNetworking.m in Sources */,
				4103486D18F5B6BC00EEAB15 /* AFURLResponseSerialization.m in Sources */,
				4103486718F5B6BC00EEAB15 /* AFHTTPRequestOperationManager.m in Sources */,
				4103486618F5B6BC00EEAB15 /* AFHTTPRequestOperation.m in Sources */,
				4119BE5318DC54FD006DAB65 /* JSONKit.m in Sources */,
				41F1808918E188E500B0D54E /* ASIDataDecompressor.m in Sources */,
				41F1809418E18CBB00B0D54E /* ASIViewController.m in Sources */,
				41BA149B18E8E06B00CE2A64 /* WebDetailViewController.m in Sources */,
				41F1808D18E188E500B0D54E /* ASIInputStream.m in Sources */,
				4103486918F5B6BC00EEAB15 /* AFNetworkReachabilityManager.m in Sources */,
				4103487A18F5B77000EEAB15 /* LoanCell.m in Sources */,
				41EE594718EA313A001EC666 /* VideoViewController.m in Sources */,
				41BA149718E8DCAA00CE2A64 /* JsonParserSport.m in Sources */,
				4103486F18F5B6BC00EEAB15 /* AFNetworkActivityIndicatorManager.m in Sources */,
				41BF6A8C18E9EA6E006AB57F /* MainViewController.m in Sources */,
				41F1808C18E188E500B0D54E /* ASIHTTPRequest.m in Sources */,
				41F1809018E188E500B0D54E /* Reachability.m in Sources */,
				4103486C18F5B6BC00EEAB15 /* AFURLRequestSerialization.m in Sources */,
				4119BE4918DBCA00006DAB65 /* NSURLConnectionViewController.m in Sources */,
				4103486818F5B6BC00EEAB15 /* AFHTTPSessionManager.m in Sources */,
			);
			runOnlyForDeploymentPostprocessing = 0;
		};
		4119BE2B18DBC04F006DAB65 /* Sources */ = {
			isa = PBXSourcesBuildPhase;
			buildActionMask = 2147483647;
			files = (
				4119BE3D18DBC04F006DAB65 /* JSONParserRMTests.m in Sources */,
			);
			runOnlyForDeploymentPostprocessing = 0;
		};
/* End PBXSourcesBuildPhase section */

/* Begin PBXTargetDependency section */
		4119BE3518DBC04F006DAB65 /* PBXTargetDependency */ = {
			isa = PBXTargetDependency;
			target = 4119BE1318DBC04E006DAB65 /* JSONParserRM */;
			targetProxy = 4119BE3418DBC04F006DAB65 /* PBXContainerItemProxy */;
		};
/* End PBXTargetDependency section */

/* Begin PBXVariantGroup section */
		4119BE2018DBC04E006DAB65 /* InfoPlist.strings */ = {
			isa = PBXVariantGroup;
			children = (
				4119BE2118DBC04E006DAB65 /* en */,
			);
			name = InfoPlist.strings;
			sourceTree = "<group>";
		};
		4119BE3918DBC04F006DAB65 /* InfoPlist.strings */ = {
			isa = PBXVariantGroup;
			children = (
				4119BE3A18DBC04F006DAB65 /* en */,
			);
			name = InfoPlist.strings;
			sourceTree = "<group>";
		};
/* End PBXVariantGroup section */

/* Begin XCBuildConfiguration section */
		4119BE3E18DBC04F006DAB65 /* Debug */ = {
			isa = XCBuildConfiguration;
			buildSettings = {
				ALWAYS_SEARCH_USER_PATHS = NO;
				CLANG_CXX_LANGUAGE_STANDARD = "gnu++0x";
				CLANG_CXX_LIBRARY = "libc++";
				CLANG_ENABLE_MODULES = YES;
				CLANG_ENABLE_OBJC_ARC = YES;
				CLANG_WARN_BOOL_CONVERSION = YES;
				CLANG_WARN_CONSTANT_CONVERSION = YES;
				CLANG_WARN_DIRECT_OBJC_ISA_USAGE = YES_ERROR;
				CLANG_WARN_EMPTY_BODY = YES;
				CLANG_WARN_ENUM_CONVERSION = YES;
				CLANG_WARN_INT_CONVERSION = YES;
				CLANG_WARN_OBJC_ROOT_CLASS = YES_ERROR;
				CLANG_WARN__DUPLICATE_METHOD_MATCH = YES;
				"CODE_SIGN_IDENTITY[sdk=iphoneos*]" = "iPhone Developer";
				COPY_PHASE_STRIP = NO;
				GCC_C_LANGUAGE_STANDARD = gnu99;
				GCC_DYNAMIC_NO_PIC = NO;
				GCC_OPTIMIZATION_LEVEL = 0;
				GCC_PREPROCESSOR_DEFINITIONS = (
					"DEBUG=1",
					"$(inherited)",
				);
				GCC_SYMBOLS_PRIVATE_EXTERN = NO;
				GCC_WARN_64_TO_32_BIT_CONVERSION = YES;
				GCC_WARN_ABOUT_RETURN_TYPE = YES_ERROR;
				GCC_WARN_UNDECLARED_SELECTOR = YES;
				GCC_WARN_UNINITIALIZED_AUTOS = YES_AGGRESSIVE;
				GCC_WARN_UNUSED_FUNCTION = YES;
				GCC_WARN_UNUSED_VARIABLE = YES;
				IPHONEOS_DEPLOYMENT_TARGET = 7.1;
				ONLY_ACTIVE_ARCH = YES;
				SDKROOT = iphoneos;
			};
			name = Debug;
		};
		4119BE3F18DBC04F006DAB65 /* Release */ = {
			isa = XCBuildConfiguration;
			buildSettings = {
				ALWAYS_SEARCH_USER_PATHS = NO;
				CLANG_CXX_LANGUAGE_STANDARD = "gnu++0x";
				CLANG_CXX_LIBRARY = "libc++";
				CLANG_ENABLE_MODULES = YES;
				CLANG_ENABLE_OBJC_ARC = YES;
				CLANG_WARN_BOOL_CONVERSION = YES;
				CLANG_WARN_CONSTANT_CONVERSION = YES;
				CLANG_WARN_DIRECT_OBJC_ISA_USAGE = YES_ERROR;
				CLANG_WARN_EMPTY_BODY = YES;
				CLANG_WARN_ENUM_CONVERSION = YES;
				CLANG_WARN_INT_CONVERSION = YES;
				CLANG_WARN_OBJC_ROOT_CLASS = YES_ERROR;
				CLANG_WARN__DUPLICATE_METHOD_MATCH = YES;
				"CODE_SIGN_IDENTITY[sdk=iphoneos*]" = "iPhone Developer";
				COPY_PHASE_STRIP = YES;
				ENABLE_NS_ASSERTIONS = NO;
				GCC_C_LANGUAGE_STANDARD = gnu99;
				GCC_WARN_64_TO_32_BIT_CONVERSION = YES;
				GCC_WARN_ABOUT_RETURN_TYPE = YES_ERROR;
				GCC_WARN_UNDECLARED_SELECTOR = YES;
				GCC_WARN_UNINITIALIZED_AUTOS = YES_AGGRESSIVE;
				GCC_WARN_UNUSED_FUNCTION = YES;
				GCC_WARN_UNUSED_VARIABLE = YES;
				IPHONEOS_DEPLOYMENT_TARGET = 7.1;
				SDKROOT = iphoneos;
				VALIDATE_PRODUCT = YES;
			};
			name = Release;
		};
		4119BE4118DBC04F006DAB65 /* Debug */ = {
			isa = XCBuildConfiguration;
			buildSettings = {
				ASSETCATALOG_COMPILER_APPICON_NAME = AppIcon;
				ASSETCATALOG_COMPILER_LAUNCHIMAGE_NAME = LaunchImage;
				GCC_PRECOMPILE_PREFIX_HEADER = YES;
				GCC_PREFIX_HEADER = "JSONParserRM/JSONParserRM-Prefix.pch";
				INFOPLIST_FILE = "JSONParserRM/JSONParserRM-Info.plist";
				PRODUCT_NAME = "$(TARGET_NAME)";
				WRAPPER_EXTENSION = app;
			};
			name = Debug;
		};
		4119BE4218DBC04F006DAB65 /* Release */ = {
			isa = XCBuildConfiguration;
			buildSettings = {
				ASSETCATALOG_COMPILER_APPICON_NAME = AppIcon;
				ASSETCATALOG_COMPILER_LAUNCHIMAGE_NAME = LaunchImage;
				GCC_PRECOMPILE_PREFIX_HEADER = YES;
				GCC_PREFIX_HEADER = "JSONParserRM/JSONParserRM-Prefix.pch";
				INFOPLIST_FILE = "JSONParserRM/JSONParserRM-Info.plist";
				PRODUCT_NAME = "$(TARGET_NAME)";
				WRAPPER_EXTENSION = app;
			};
			name = Release;
		};
		4119BE4418DBC04F006DAB65 /* Debug */ = {
			isa = XCBuildConfiguration;
			buildSettings = {
				BUNDLE_LOADER = "$(BUILT_PRODUCTS_DIR)/JSONParserRM.app/JSONParserRM";
				FRAMEWORK_SEARCH_PATHS = (
					"$(SDKROOT)/Developer/Library/Frameworks",
					"$(inherited)",
					"$(DEVELOPER_FRAMEWORKS_DIR)",
				);
				GCC_PRECOMPILE_PREFIX_HEADER = YES;
				GCC_PREFIX_HEADER = "JSONParserRM/JSONParserRM-Prefix.pch";
				GCC_PREPROCESSOR_DEFINITIONS = (
					"DEBUG=1",
					"$(inherited)",
				);
				INFOPLIST_FILE = "JSONParserRMTests/JSONParserRMTests-Info.plist";
				PRODUCT_NAME = "$(TARGET_NAME)";
				TEST_HOST = "$(BUNDLE_LOADER)";
				WRAPPER_EXTENSION = xctest;
			};
			name = Debug;
		};
		4119BE4518DBC04F006DAB65 /* Release */ = {
			isa = XCBuildConfiguration;
			buildSettings = {
				BUNDLE_LOADER = "$(BUILT_PRODUCTS_DIR)/JSONParserRM.app/JSONParserRM";
				FRAMEWORK_SEARCH_PATHS = (
					"$(SDKROOT)/Developer/Library/Frameworks",
					"$(inherited)",
					"$(DEVELOPER_FRAMEWORKS_DIR)",
				);
				GCC_PRECOMPILE_PREFIX_HEADER = YES;
				GCC_PREFIX_HEADER = "JSONParserRM/JSONParserRM-Prefix.pch";
				INFOPLIST_FILE = "JSONParserRMTests/JSONParserRMTests-Info.plist";
				PRODUCT_NAME = "$(TARGET_NAME)";
				TEST_HOST = "$(BUNDLE_LOADER)";
				WRAPPER_EXTENSION = xctest;
			};
			name = Release;
		};
/* End XCBuildConfiguration section */

/* Begin XCConfigurationList section */
		4119BE0F18DBC04E006DAB65 /* Build configuration list for PBXProject "JSONParserRM" */ = {
			isa = XCConfigurationList;
			buildConfigurations = (
				4119BE3E18DBC04F006DAB65 /* Debug */,
				4119BE3F18DBC04F006DAB65 /* Release */,
			);
			defaultConfigurationIsVisible = 0;
			defaultConfigurationName = Release;
		};
		4119BE4018DBC04F006DAB65 /* Build configuration list for PBXNativeTarget "JSONParserRM" */ = {
			isa = XCConfigurationList;
			buildConfigurations = (
				4119BE4118DBC04F006DAB65 /* Debug */,
				4119BE4218DBC04F006DAB65 /* Release */,
			);
			defaultConfigurationIsVisible = 0;
			defaultConfigurationName = Release;
		};
		4119BE4318DBC04F006DAB65 /* Build configuration list for PBXNativeTarget "JSONParserRMTests" */ = {
			isa = XCConfigurationList;
			buildConfigurations = (
				4119BE4418DBC04F006DAB65 /* Debug */,
				4119BE4518DBC04F006DAB65 /* Release */,
			);
			defaultConfigurationIsVisible = 0;
			defaultConfigurationName = Release;
		};
/* End XCConfigurationList section */
	};
	rootObject = 4119BE0C18DBC04E006DAB65 /* Project object */;
}
